
Microsoft Visual Studio Solution File, Format Version 12.00
# Visual Studio Version 17
VisualStudioVersion = 17.5.33424.131
MinimumVisualStudioVersion = 10.0.40219.1
Project("{FAE04EC0-301F-11D3-BF4B-00C04F79EFBC}") = "CEP", "CEP\CEP.csproj", "{6E0F90A9-D44F-4402-BB14-66D7A010A13C}"
EndProject
Global
	GlobalSection(SolutionConfigurationPlatforms) = preSolution
		Debug|Any CPU = Debug|Any CPU
		Release|Any CPU = Release|Any CPU
	EndGlobalSection
	GlobalSection(ProjectConfigurationPlatforms) = postSolution
		{6E0F90A9-D44F-4402-BB14-66D7A010A13C}.Debug|Any CPU.ActiveCfg = Debug|Any CPU
		{6E0F90A9-D44F-4402-BB14-66D7A010A13C}.Debug|Any CPU.Build.0 = Debug|Any CPU
		{6E0F90A9-D44F-4402-BB14-66D7A010A13C}.Release|Any CPU.ActiveCfg = Release|Any CPU
		{6E0F90A9-D44F-4402-BB14-66D7A010A13C}.Release|Any CPU.Build.0 = Release|Any CPU
	EndGlobalSection
	GlobalSection(SolutionProperties) = preSolution
		HideSolutionNode = FALSE
	EndGlobalSection
	GlobalSection(ExtensibilityGlobals) = postSolution
		SolutionGuid = {5336F737-FBBC-48B0-BCC0-10CBB9113B57}
	EndGlobalSection
EndGlobal
